{
  "version": "4",
  "specifiers": {
    "jsr:@std/assert@^1.0.7": "1.0.11",
    "jsr:@std/bytes@^1.0.5": "1.0.5",
    "jsr:@std/expect@*": "1.0.7",
    "jsr:@std/internal@^1.0.5": "1.0.5",
    "jsr:@std/streams@^1.0.9": "1.0.9",
    "npm:@types/node@*": "22.5.4",
    "npm:bson@*": "6.10.3",
    "npm:fast-stringify@*": "2.0.0",
    "npm:tinybench@*": "3.1.1"
  },
  "jsr": {
    "@std/assert@1.0.7": {
      "integrity": "64ce9fac879e0b9f3042a89b3c3f8ccfc9c984391af19e2087513a79d73e28c3",
      "dependencies": [
        "jsr:@std/internal"
      ]
    },
    "@std/assert@1.0.11": {
      "integrity": "2461ef3c368fe88bc60e186e7744a93112f16fd110022e113a0849e94d1c83c1",
      "dependencies": [
        "jsr:@std/internal"
      ]
    },
    "@std/bytes@1.0.5": {
      "integrity": "4465dd739d7963d964c809202ebea6d5c6b8e3829ef25c6a224290fbb8a1021e"
    },
    "@std/expect@1.0.7": {
      "integrity": "3904afa77cfe5c45dd2cd2c476e6fc5b6f57103d712890f0783d74c19d4b05a9",
      "dependencies": [
        "jsr:@std/assert",
        "jsr:@std/internal"
      ]
    },
    "@std/internal@1.0.5": {
      "integrity": "54a546004f769c1ac9e025abd15a76b6671ddc9687e2313b67376125650dc7ba"
    },
    "@std/streams@1.0.9": {
      "integrity": "a9d26b1988cdd7aa7b1f4b51e1c36c1557f3f252880fa6cc5b9f37078b1a5035",
      "dependencies": [
        "jsr:@std/bytes"
      ]
    }
  },
  "npm": {
    "@types/node@22.5.4": {
      "integrity": "sha512-FDuKUJQm/ju9fT/SeX/6+gBzoPzlVCzfzmGkwKvRHQVxi4BntVbyIwf6a4Xn62mrvndLiml6z/UBXIdEVjQLXg==",
      "dependencies": [
        "undici-types"
      ]
    },
    "bson@6.10.3": {
      "integrity": "sha512-MTxGsqgYTwfshYWTRdmZRC+M7FnG1b4y7RO7p2k3X24Wq0yv1m77Wsj0BzlPzd/IowgESfsruQCUToa7vbOpPQ=="
    },
    "fast-stringify@2.0.0": {
      "integrity": "sha512-+b+ki4C5K/tw+RmyiehpRzHjWmeqPb3Wn0whMsi+JPrYjzdapybfGejhCTblfLBErPMRSToYXDObawLG9BN78A=="
    },
    "tinybench@3.1.1": {
      "integrity": "sha512-74pmf47HY/bHqamcCMGris+1AtGGsqTZ3Hc/UK4QvSmRuf/9PIF9753+c8XBh7JfX2r9KeZtVjOYjd6vFpc0qQ=="
    },
    "undici-types@6.19.8": {
      "integrity": "sha512-ve2KP6f/JnbPBFyobGHuerC9g1FYGn/F8n1LWTwNxCEzd6IfqTwUQcNXgEtmmQ6DlRrC1hrSrBnCZPokRrDHjw=="
    }
  },
  "workspace": {
    "dependencies": [
      "jsr:@std/assert@^1.0.7",
      "jsr:@std/streams@^1.0.9"
    ]
  }
}
