{
  "version": "5",
  "specifiers": {
    "jsr:@antman/formic-utils@0.4": "0.4.0",
    "jsr:@std/assert@^1.0.14": "1.0.15",
    "jsr:@std/bytes@^1.0.5": "1.0.5",
    "jsr:@std/expect@^1.0.13": "1.0.17",
    "jsr:@std/internal@^1.0.10": "1.0.12",
    "jsr:@std/internal@^1.0.12": "1.0.12",
    "jsr:@std/streams@^1.0.9": "1.0.9"
  },
  "jsr": {
    "@antman/formic-utils@0.4.0": {
      "integrity": "c3bb3338b6b7c9c417d6046c16dd71c01e1ffe2a02d0703834a653e57b9e39e8"
    },
    "@std/assert@1.0.15": {
      "integrity": "d64018e951dbdfab9777335ecdb000c0b4e3df036984083be219ce5941e4703b",
      "dependencies": [
        "jsr:@std/internal@^1.0.12"
      ]
    },
    "@std/bytes@1.0.5": {
      "integrity": "4465dd739d7963d964c809202ebea6d5c6b8e3829ef25c6a224290fbb8a1021e"
    },
    "@std/expect@1.0.17": {
      "integrity": "316b47dd65c33e3151344eb3267bf42efba17d1415425f07ed96185d67fc04d9",
      "dependencies": [
        "jsr:@std/assert",
        "jsr:@std/internal@^1.0.10"
      ]
    },
    "@std/internal@1.0.12": {
      "integrity": "972a634fd5bc34b242024402972cd5143eac68d8dffaca5eaa4dba30ce17b027"
    },
    "@std/streams@1.0.9": {
      "integrity": "a9d26b1988cdd7aa7b1f4b51e1c36c1557f3f252880fa6cc5b9f37078b1a5035",
      "dependencies": [
        "jsr:@std/bytes"
      ]
    }
  },
  "workspace": {
    "dependencies": [
      "jsr:@antman/formic-utils@0.4",
      "jsr:@std/bytes@^1.0.5",
      "jsr:@std/expect@^1.0.13",
      "jsr:@std/streams@^1.0.9"
    ]
  }
}
