{
  "version": "5",
  "specifiers": {
    "jsr:@antman/bool@~0.1.1": "0.1.1",
    "jsr:@antman/formic-utils@0.4": "0.4.0",
    "jsr:@antman/lifecycle@0.3.1": "0.3.1",
    "jsr:@std/assert@1": "1.0.11",
    "jsr:@std/assert@^1.0.11": "1.0.11",
    "jsr:@std/async@*": "1.0.11",
    "jsr:@std/async@^1.0.11": "1.0.11",
    "jsr:@std/async@^1.0.14": "1.0.14",
    "jsr:@std/bytes@*": "1.0.4",
    "jsr:@std/bytes@^1.0.5": "1.0.6",
    "jsr:@std/bytes@^1.0.6": "1.0.6",
    "jsr:@std/cli@^1.0.20": "1.0.20",
    "jsr:@std/encoding@*": "1.0.7",
    "jsr:@std/encoding@^1.0.7": "1.0.7",
    "jsr:@std/expect@*": "1.0.13",
    "jsr:@std/expect@^1.0.13": "1.0.13",
    "jsr:@std/fs@^1.0.19": "1.0.19",
    "jsr:@std/internal@^1.0.10": "1.0.10",
    "jsr:@std/internal@^1.0.5": "1.0.10",
    "jsr:@std/internal@^1.0.9": "1.0.10",
    "jsr:@std/path@^1.1.1": "1.1.2",
    "jsr:@std/streams@^1.0.9": "1.0.11",
    "npm:@types/node@*": "22.10.2",
    "npm:pure-rand@^7.0.1": "7.0.1"
  },
  "jsr": {
    "@antman/bool@0.1.1": {
      "integrity": "18ea66945454ca04e32571db389ee2c35eaf6005927e6e881567ce7fd1c39114"
    },
    "@antman/formic-utils@0.4.0": {
      "integrity": "c3bb3338b6b7c9c417d6046c16dd71c01e1ffe2a02d0703834a653e57b9e39e8"
    },
    "@antman/lifecycle@0.3.1": {
      "integrity": "9c71a1b6b6a4a9cfe4e4e15ceafe3e7c6b200c28343dddb0cb47d0265d7451d6",
      "dependencies": [
        "jsr:@antman/bool",
        "jsr:@std/async@^1.0.14"
      ]
    },
    "@std/assert@1.0.8": {
      "integrity": "ebe0bd7eb488ee39686f77003992f389a06c3da1bbd8022184804852b2fa641b",
      "dependencies": [
        "jsr:@std/internal@^1.0.5"
      ]
    },
    "@std/assert@1.0.11": {
      "integrity": "2461ef3c368fe88bc60e186e7744a93112f16fd110022e113a0849e94d1c83c1",
      "dependencies": [
        "jsr:@std/internal@^1.0.5"
      ]
    },
    "@std/async@1.0.11": {
      "integrity": "eee0d3405275506638a9c8efaa849cf0d35873120c69b7caa1309c9a9e5b6f85"
    },
    "@std/async@1.0.14": {
      "integrity": "62e954a418652c704d37563a3e54a37d4cf0268a9dcaeac1660cc652880b5326"
    },
    "@std/bytes@1.0.4": {
      "integrity": "11a0debe522707c95c7b7ef89b478c13fb1583a7cfb9a85674cd2cc2e3a28abc"
    },
    "@std/bytes@1.0.5": {
      "integrity": "4465dd739d7963d964c809202ebea6d5c6b8e3829ef25c6a224290fbb8a1021e"
    },
    "@std/bytes@1.0.6": {
      "integrity": "f6ac6adbd8ccd99314045f5703e23af0a68d7f7e58364b47d2c7f408aeb5820a"
    },
    "@std/cli@1.0.20": {
      "integrity": "a8c384a2c98cec6ec6a2055c273a916e2772485eb784af0db004c5ab8ba52333"
    },
    "@std/encoding@1.0.7": {
      "integrity": "f631247c1698fef289f2de9e2a33d571e46133b38d042905e3eac3715030a82d"
    },
    "@std/expect@1.0.13": {
      "integrity": "d8e236c7089cd9fcf5e6032f27dadc3db6349d0aee48c15bc71d717bca5baa42",
      "dependencies": [
        "jsr:@std/assert@^1.0.11",
        "jsr:@std/internal@^1.0.5"
      ]
    },
    "@std/fs@1.0.19": {
      "integrity": "051968c2b1eae4d2ea9f79a08a3845740ef6af10356aff43d3e2ef11ed09fb06",
      "dependencies": [
        "jsr:@std/internal@^1.0.9",
        "jsr:@std/path"
      ]
    },
    "@std/internal@1.0.5": {
      "integrity": "54a546004f769c1ac9e025abd15a76b6671ddc9687e2313b67376125650dc7ba"
    },
    "@std/internal@1.0.10": {
      "integrity": "e3be62ce42cab0e177c27698e5d9800122f67b766a0bea6ca4867886cbde8cf7"
    },
    "@std/path@1.1.2": {
      "integrity": "c0b13b97dfe06546d5e16bf3966b1cadf92e1cc83e56ba5476ad8b498d9e3038",
      "dependencies": [
        "jsr:@std/internal@^1.0.10"
      ]
    },
    "@std/streams@1.0.11": {
      "integrity": "db583d27e28d133f389f1eec318cffdf4998305e5134c1d4b1c56b361cee6018",
      "dependencies": [
        "jsr:@std/bytes@^1.0.6"
      ]
    }
  },
  "npm": {
    "@types/node@22.10.2": {
      "integrity": "sha512-Xxr6BBRCAOQixvonOye19wnzyDiUtTeqldOOmj3CkeblonbccA12PFwlufvRdrpjXxqnmUaeiU5EOA+7s5diUQ==",
      "dependencies": [
        "undici-types"
      ]
    },
    "pure-rand@7.0.1": {
      "integrity": "sha512-oTUZM/NAZS8p7ANR3SHh30kXB+zK2r2BPcEn/awJIbOvq82WoMN4p62AWWp3Hhw50G0xMsw1mhIBLqHw64EcNQ=="
    },
    "undici-types@6.20.0": {
      "integrity": "sha512-Ny6QZ2Nju20vw1SRHe3d9jVu6gJ+4e3+MMpqu7pqE5HT6WsTSlce++GQmK5UXS8mzV8DSYHrQH+Xrf2jVcuKNg=="
    }
  },
  "workspace": {
    "dependencies": [
      "jsr:@antman/formic-utils@0.4",
      "jsr:@antman/lifecycle@0.3.1",
      "jsr:@std/assert@1",
      "jsr:@std/async@^1.0.11",
      "jsr:@std/bytes@^1.0.5",
      "jsr:@std/cli@^1.0.20",
      "jsr:@std/encoding@^1.0.7",
      "jsr:@std/expect@^1.0.13",
      "jsr:@std/fs@^1.0.19",
      "jsr:@std/streams@^1.0.9",
      "npm:pure-rand@^7.0.1"
    ],
    "links": {
      "jsr:@fe-db/proto@0.1.0": {
        "dependencies": [
          "jsr:@std/bytes@^1.0.5",
          "jsr:@std/expect@^1.0.13",
          "jsr:@std/streams@^1.0.9"
        ]
      },
      "jsr:@proto/msg": {},
      "jsr:@proto/streams": {},
      "jsr:@proto/util": {},
      "jsr:@sim/env": {
        "dependencies": [
          "npm:pure-rand@^7.0.1"
        ]
      }
    }
  }
}
